// !$*UTF8*$!
{
	archiveVersion = 1;
	classes = {
	};
	objectVersion = 46;
	objects = {

/* Begin PBXBuildFile section */
		A8BA2A6D15E8E388008389D6 /* Cocoa.framework in Frameworks */ = {isa = PBXBuildFile; fileRef = A8BA2A6C15E8E388008389D6 /* Cocoa.framework */; };
		A8BA2A7715E8E388008389D6 /* InfoPlist.strings in Resources */ = {isa = PBXBuildFile; fileRef = A8BA2A7515E8E388008389D6 /* InfoPlist.strings */; };
		A8BA2A7915E8E388008389D6 /* main.m in Sources */ = {isa = PBXBuildFile; fileRef = A8BA2A7815E8E388008389D6 /* main.m */; };
		A8BA2A7D15E8E388008389D6 /* Credits.rtf in Resources */ = {isa = PBXBuildFile; fileRef = A8BA2A7B15E8E388008389D6 /* Credits.rtf */; };
		A8BA2A8015E8E388008389D6 /* APAppDelegate.m in Sources */ = {isa = PBXBuildFile; fileRef = A8BA2A7F15E8E388008389D6 /* APAppDelegate.m */; };
		A8BA2A8315E8E388008389D6 /* MainMenu.xib in Resources */ = {isa = PBXBuildFile; fileRef = A8BA2A8115E8E388008389D6 /* MainMenu.xib */; };
/* End PBXBuildFile section */

/* Begin PBXFileReference section */
		A8BA2A6815E8E388008389D6 /* GameAssetOrganizer.app */ = {isa = PBXFileReference; explicitFileType = wrapper.application; includeInIndex = 0; path = GameAssetOrganizer.app; sourceTree = BUILT_PRODUCTS_DIR; };
		A8BA2A6C15E8E388008389D6 /* Cocoa.framework */ = {isa = PBXFileReference; lastKnownFileType = wrapper.framework; name = Cocoa.framework; path = System/Library/Frameworks/Cocoa.framework; sourceTree = SDKROOT; };
		A8BA2A6F15E8E388008389D6 /* AppKit.framework */ = {isa = PBXFileReference; lastKnownFileType = wrapper.framework; name = AppKit.framework; path = System/Library/Frameworks/AppKit.framework; sourceTree = SDKROOT; };
		A8BA2A7015E8E388008389D6 /* CoreData.framework */ = {isa = PBXFileReference; lastKnownFileType = wrapper.framework; name = CoreData.framework; path = System/Library/Frameworks/CoreData.framework; sourceTree = SDKROOT; };
		A8BA2A7115E8E388008389D6 /* Foundation.framework */ = {isa = PBXFileReference; lastKnownFileType = wrapper.framework; name = Foundation.framework; path = System/Library/Frameworks/Foundation.framework; sourceTree = SDKROOT; };
		A8BA2A7415E8E388008389D6 /* GameAssetOrganizer-Info.plist */ = {isa = PBXFileReference; lastKnownFileType = text.plist.xml; path = "GameAssetOrganizer-Info.plist"; sourceTree = "<group>"; };
		A8BA2A7615E8E388008389D6 /* en */ = {isa = PBXFileReference; lastKnownFileType = text.plist.strings; name = en; path = en.lproj/InfoPlist.strings; sourceTree = "<group>"; };
		A8BA2A7815E8E388008389D6 /* main.m */ = {isa = PBXFileReference; lastKnownFileType = sourcecode.c.objc; path = main.m; sourceTree = "<group>"; };
		A8BA2A7A15E8E388008389D6 /* GameAssetOrganizer-Prefix.pch */ = {isa = PBXFileReference; lastKnownFileType = sourcecode.c.h; path = "GameAssetOrganizer-Prefix.pch"; sourceTree = "<group>"; };
		A8BA2A7C15E8E388008389D6 /* en */ = {isa = PBXFileReference; lastKnownFileType = text.rtf; name = en; path = en.lproj/Credits.rtf; sourceTree = "<group>"; };
		A8BA2A7E15E8E388008389D6 /* APAppDelegate.h */ = {isa = PBXFileReference; lastKnownFileType = sourcecode.c.h; path = APAppDelegate.h; sourceTree = "<group>"; };
		A8BA2A7F15E8E388008389D6 /* APAppDelegate.m */ = {isa = PBXFileReference; lastKnownFileType = sourcecode.c.objc; path = APAppDelegate.m; sourceTree = "<group>"; };
		A8BA2A8215E8E388008389D6 /* en */ = {isa = PBXFileReference; lastKnownFileType = file.xib; name = en; path = en.lproj/MainMenu.xib; sourceTree = "<group>"; };
/* End PBXFileReference section */

/* Begin PBXFrameworksBuildPhase section */
		A8BA2A6515E8E388008389D6 /* Frameworks */ = {
			isa = PBXFrameworksBuildPhase;
			buildActionMask = 2147483647;
			files = (
				A8BA2A6D15E8E388008389D6 /* Cocoa.framework in Frameworks */,
			);
			runOnlyForDeploymentPostprocessing = 0;
		};
/* End PBXFrameworksBuildPhase section */

/* Begin PBXGroup section */
		A8BA2A5D15E8E388008389D6 = {
			isa = PBXGroup;
			children = (
				A8BA2A7215E8E388008389D6 /* GameAssetOrganizer */,
				A8BA2A6B15E8E388008389D6 /* Frameworks */,
				A8BA2A6915E8E388008389D6 /* Products */,
			);
			sourceTree = "<group>";
		};
		A8BA2A6915E8E388008389D6 /* Products */ = {
			isa = PBXGroup;
			children = (
				A8BA2A6815E8E388008389D6 /* GameAssetOrganizer.app */,
			);
			name = Products;
			sourceTree = "<group>";
		};
		A8BA2A6B15E8E388008389D6 /* Frameworks */ = {
			isa = PBXGroup;
			children = (
				A8BA2A6C15E8E388008389D6 /* Cocoa.framework */,
				A8BA2A6E15E8E388008389D6 /* Other Frameworks */,
			);
			name = Frameworks;
			sourceTree = "<group>";
		};
		A8BA2A6E15E8E388008389D6 /* Other Frameworks */ = {
			isa = PBXGroup;
			children = (
				A8BA2A6F15E8E388008389D6 /* AppKit.framework */,
				A8BA2A7015E8E388008389D6 /* CoreData.framework */,
				A8BA2A7115E8E388008389D6 /* Foundation.framework */,
			);
			name = "Other Frameworks";
			sourceTree = "<group>";
		};
		A8BA2A7215E8E388008389D6 /* GameAssetOrganizer */ = {
			isa = PBXGroup;
			children = (
				A8BA2A7E15E8E388008389D6 /* APAppDelegate.h */,
				A8BA2A7F15E8E388008389D6 /* APAppDelegate.m */,
				A8BA2A8115E8E388008389D6 /* MainMenu.xib */,
				A8BA2A7315E8E388008389D6 /* Supporting Files */,
			);
			path = GameAssetOrganizer;
			sourceTree = "<group>";
		};
		A8BA2A7315E8E388008389D6 /* Supporting Files */ = {
			isa = PBXGroup;
			children = (
				A8BA2A7415E8E388008389D6 /* GameAssetOrganizer-Info.plist */,
				A8BA2A7515E8E388008389D6 /* InfoPlist.strings */,
				A8BA2A7815E8E388008389D6 /* main.m */,
				A8BA2A7A15E8E388008389D6 /* GameAssetOrganizer-Prefix.pch */,
				A8BA2A7B15E8E388008389D6 /* Credits.rtf */,
			);
			name = "Supporting Files";
			sourceTree = "<group>";
		};
/* End PBXGroup section */

/* Begin PBXNativeTarget section */
		A8BA2A6715E8E388008389D6 /* GameAssetOrganizer */ = {
			isa = PBXNativeTarget;
			buildConfigurationList = A8BA2A8615E8E388008389D6 /* Build configuration list for PBXNativeTarget "GameAssetOrganizer" */;
			buildPhases = (
				A8BA2A6415E8E388008389D6 /* Sources */,
				A8BA2A6515E8E388008389D6 /* Frameworks */,
				A8BA2A6615E8E388008389D6 /* Resources */,
			);
			buildRules = (
			);
			dependencies = (
			);
			name = GameAssetOrganizer;
			productName = GameAssetOrganizer;
			productReference = A8BA2A6815E8E388008389D6 /* GameAssetOrganizer.app */;
			productType = "com.apple.product-type.application";
		};
/* End PBXNativeTarget section */

/* Begin PBXProject section */
		A8BA2A5F15E8E388008389D6 /* Project object */ = {
			isa = PBXProject;
			attributes = {
				CLASSPREFIX = AP;
				LastUpgradeCheck = 0440;
				ORGANIZATIONNAME = BTerhechte;
			};
			buildConfigurationList = A8BA2A6215E8E388008389D6 /* Build configuration list for PBXProject "GameAssetOrganizer" */;
			compatibilityVersion = "Xcode 3.2";
			developmentRegion = English;
			hasScannedForEncodings = 0;
			knownRegions = (
				en,
			);
			mainGroup = A8BA2A5D15E8E388008389D6;
			productRefGroup = A8BA2A6915E8E388008389D6 /* Products */;
			projectDirPath = "";
			projectRoot = "";
			targets = (
				A8BA2A6715E8E388008389D6 /* GameAssetOrganizer */,
			);
		};
/* End PBXProject section */

/* Begin PBXResourcesBuildPhase section */
		A8BA2A6615E8E388008389D6 /* Resources */ = {
			isa = PBXResourcesBuildPhase;
			buildActionMask = 2147483647;
			files = (
				A8BA2A7715E8E388008389D6 /* InfoPlist.strings in Resources */,
				A8BA2A7D15E8E388008389D6 /* Credits.rtf in Resources */,
				A8BA2A8315E8E388008389D6 /* MainMenu.xib in Resources */,
			);
			runOnlyForDeploymentPostprocessing = 0;
		};
/* End PBXResourcesBuildPhase section */

/* Begin PBXSourcesBuildPhase section */
		A8BA2A6415E8E388008389D6 /* Sources */ = {
			isa = PBXSourcesBuildPhase;
			buildActionMask = 2147483647;
			files = (
				A8BA2A7915E8E388008389D6 /* main.m in Sources */,
				A8BA2A8015E8E388008389D6 /* APAppDelegate.m in Sources */,
			);
			runOnlyForDeploymentPostprocessing = 0;
		};
/* End PBXSourcesBuildPhase section */

/* Begin PBXVariantGroup section */
		A8BA2A7515E8E388008389D6 /* InfoPlist.strings */ = {
			isa = PBXVariantGroup;
			children = (
				A8BA2A7615E8E388008389D6 /* en */,
			);
			name = InfoPlist.strings;
			sourceTree = "<group>";
		};
		A8BA2A7B15E8E388008389D6 /* Credits.rtf */ = {
			isa = PBXVariantGroup;
			children = (
				A8BA2A7C15E8E388008389D6 /* en */,
			);
			name = Credits.rtf;
			sourceTree = "<group>";
		};
		A8BA2A8115E8E388008389D6 /* MainMenu.xib */ = {
			isa = PBXVariantGroup;
			children = (
				A8BA2A8215E8E388008389D6 /* en */,
			);
			name = MainMenu.xib;
			sourceTree = "<group>";
		};
/* End PBXVariantGroup section */

/* Begin XCBuildConfiguration section */
		A8BA2A8415E8E388008389D6 /* Debug */ = {
			isa = XCBuildConfiguration;
			buildSettings = {
				ALWAYS_SEARCH_USER_PATHS = NO;
				ARCHS = "$(ARCHS_STANDARD_64_BIT)";
				CLANG_CXX_LANGUAGE_STANDARD = "gnu++0x";
				CLANG_ENABLE_OBJC_ARC = YES;
				CLANG_WARN__DUPLICATE_METHOD_MATCH = YES;
				COPY_PHASE_STRIP = NO;
				GCC_C_LANGUAGE_STANDARD = gnu99;
				GCC_DYNAMIC_NO_PIC = NO;
				GCC_ENABLE_OBJC_EXCEPTIONS = YES;
				GCC_OPTIMIZATION_LEVEL = 0;
				GCC_PREPROCESSOR_DEFINITIONS = (
					"DEBUG=1",
					"$(inherited)",
				);
				GCC_SYMBOLS_PRIVATE_EXTERN = NO;
				GCC_WARN_64_TO_32_BIT_CONVERSION = YES;
				GCC_WARN_ABOUT_RETURN_TYPE = YES;
				GCC_WARN_UNINITIALIZED_AUTOS = YES;
				GCC_WARN_UNUSED_VARIABLE = YES;
				MACOSX_DEPLOYMENT_TARGET = 10.7;
				ONLY_ACTIVE_ARCH = YES;
				SDKROOT = macosx;
			};
			name = Debug;
		};
		A8BA2A8515E8E388008389D6 /* Release */ = {
			isa = XCBuildConfiguration;
			buildSettings = {
				ALWAYS_SEARCH_USER_PATHS = NO;
				ARCHS = "$(ARCHS_STANDARD_64_BIT)";
				CLANG_CXX_LANGUAGE_STANDARD = "gnu++0x";
				CLANG_ENABLE_OBJC_ARC = YES;
				CLANG_WARN__DUPLICATE_METHOD_MATCH = YES;
				COPY_PHASE_STRIP = YES;
				DEBUG_INFORMATION_FORMAT = "dwarf-with-dsym";
				GCC_C_LANGUAGE_STANDARD = gnu99;
				GCC_ENABLE_OBJC_EXCEPTIONS = YES;
				GCC_WARN_64_TO_32_BIT_CONVERSION = YES;
				GCC_WARN_ABOUT_RETURN_TYPE = YES;
				GCC_WARN_UNINITIALIZED_AUTOS = YES;
				GCC_WARN_UNUSED_VARIABLE = YES;
				MACOSX_DEPLOYMENT_TARGET = 10.7;
				SDKROOT = macosx;
			};
			name = Release;
		};
		A8BA2A8715E8E388008389D6 /* Debug */ = {
			isa = XCBuildConfiguration;
			buildSettings = {
				COMBINE_HIDPI_IMAGES = YES;
				GCC_PRECOMPILE_PREFIX_HEADER = YES;
				GCC_PREFIX_HEADER = "GameAssetOrganizer/GameAssetOrganizer-Prefix.pch";
				INFOPLIST_FILE = "GameAssetOrganizer/GameAssetOrganizer-Info.plist";
				PRODUCT_NAME = "$(TARGET_NAME)";
				WRAPPER_EXTENSION = app;
			};
			name = Debug;
		};
		A8BA2A8815E8E388008389D6 /* Release */ = {
			isa = XCBuildConfiguration;
			buildSettings = {
				COMBINE_HIDPI_IMAGES = YES;
				GCC_PRECOMPILE_PREFIX_HEADER = YES;
				GCC_PREFIX_HEADER = "GameAssetOrganizer/GameAssetOrganizer-Prefix.pch";
				INFOPLIST_FILE = "GameAssetOrganizer/GameAssetOrganizer-Info.plist";
				PRODUCT_NAME = "$(TARGET_NAME)";
				WRAPPER_EXTENSION = app;
			};
			name = Release;
		};
/* End XCBuildConfiguration section */

/* Begin XCConfigurationList section */
		A8BA2A6215E8E388008389D6 /* Build configuration list for PBXProject "GameAssetOrganizer" */ = {
			isa = XCConfigurationList;
			buildConfigurations = (
				A8BA2A8415E8E388008389D6 /* Debug */,
				A8BA2A8515E8E388008389D6 /* Release */,
			);
			defaultConfigurationIsVisible = 0;
			defaultConfigurationName = Release;
		};
		A8BA2A8615E8E388008389D6 /* Build configuration list for PBXNativeTarget "GameAssetOrganizer" */ = {
			isa = XCConfigurationList;
			buildConfigurations = (
				A8BA2A8715E8E388008389D6 /* Debug */,
				A8BA2A8815E8E388008389D6 /* Release */,
			);
			defaultConfigurationIsVisible = 0;
		};
/* End XCConfigurationList section */
	};
	rootObject = A8BA2A5F15E8E388008389D6 /* Project object */;
}
