// !$*UTF8*$!
{
	archiveVersion = 1;
	classes = {
	};
	objectVersion = 46;
	objects = {

/* Begin PBXBuildFile section */
		A809354515EBC9E4002D3418 /* icon.icns in Resources */ = {isa = PBXBuildFile; fileRef = A809354415EBC9E4002D3418 /* icon.icns */; };
		A809354815EC071C002D3418 /* structure.json in Resources */ = {isa = PBXBuildFile; fileRef = A809354715EC071C002D3418 /* structure.json */; };
		A8BA2A6D15E8E388008389D6 /* Cocoa.framework in Frameworks */ = {isa = PBXBuildFile; fileRef = A8BA2A6C15E8E388008389D6 /* Cocoa.framework */; };
		A8BA2A7715E8E388008389D6 /* InfoPlist.strings in Resources */ = {isa = PBXBuildFile; fileRef = A8BA2A7515E8E388008389D6 /* InfoPlist.strings */; };
		A8BA2A7915E8E388008389D6 /* main.m in Sources */ = {isa = PBXBuildFile; fileRef = A8BA2A7815E8E388008389D6 /* main.m */; };
		A8BA2A7D15E8E388008389D6 /* Credits.rtf in Resources */ = {isa = PBXBuildFile; fileRef = A8BA2A7B15E8E388008389D6 /* Credits.rtf */; };
		A8BA2A8015E8E388008389D6 /* APAppDelegate.m in Sources */ = {isa = PBXBuildFile; fileRef = A8BA2A7F15E8E388008389D6 /* APAppDelegate.m */; };
		A8BA2A8315E8E388008389D6 /* MainMenu.xib in Resources */ = {isa = PBXBuildFile; fileRef = A8BA2A8115E8E388008389D6 /* MainMenu.xib */; };
		A8BA2A8B15E8F045008389D6 /* APPackListController.m in Sources */ = {isa = PBXBuildFile; fileRef = A8BA2A8A15E8F045008389D6 /* APPackListController.m */; };
		A8BA2A8E15E8F055008389D6 /* APPackImagesController.m in Sources */ = {isa = PBXBuildFile; fileRef = A8BA2A8D15E8F055008389D6 /* APPackImagesController.m */; };
		A8BA2A9115E8F067008389D6 /* APFolderImagesController.m in Sources */ = {isa = PBXBuildFile; fileRef = A8BA2A9015E8F067008389D6 /* APFolderImagesController.m */; };
		A8BA2A9315E8F184008389D6 /* ImageIO.framework in Frameworks */ = {isa = PBXBuildFile; fileRef = A8BA2A9215E8F184008389D6 /* ImageIO.framework */; };
		A8BA2A9515E8F1A6008389D6 /* Quartz.framework in Frameworks */ = {isa = PBXBuildFile; fileRef = A8BA2A9415E8F1A6008389D6 /* Quartz.framework */; };
		A8BA2A9815E90CDF008389D6 /* APContentModel.m in Sources */ = {isa = PBXBuildFile; fileRef = A8BA2A9715E90CDF008389D6 /* APContentModel.m */; };
		A8BA2AB915EB7393008389D6 /* APCollectionViewItemSelectable.m in Sources */ = {isa = PBXBuildFile; fileRef = A8BA2AB815EB7393008389D6 /* APCollectionViewItemSelectable.m */; };
		A8BA2ABC15EB73DB008389D6 /* APCollectionViewItemSelectableView.m in Sources */ = {isa = PBXBuildFile; fileRef = A8BA2ABB15EB73DB008389D6 /* APCollectionViewItemSelectableView.m */; };
		A8BA2AF515EB9457008389D6 /* Foundation.framework in Frameworks */ = {isa = PBXBuildFile; fileRef = A8BA2AF415EB9457008389D6 /* Foundation.framework */; };
		A8BA2AF815EB9457008389D6 /* main.m in Sources */ = {isa = PBXBuildFile; fileRef = A8BA2AF715EB9457008389D6 /* main.m */; };
		A8BA2AFC15EB9457008389D6 /* processGameassets.1 in CopyFiles */ = {isa = PBXBuildFile; fileRef = A8BA2AFB15EB9457008389D6 /* processGameassets.1 */; };
		A8BA2B0015EB9462008389D6 /* APContentModel.m in Sources */ = {isa = PBXBuildFile; fileRef = A8BA2A9715E90CDF008389D6 /* APContentModel.m */; };
/* End PBXBuildFile section */

/* Begin PBXCopyFilesBuildPhase section */
		A8BA2ADE15EB7E19008389D6 /* CopyFiles */ = {
			isa = PBXCopyFilesBuildPhase;
			buildActionMask = 2147483647;
			dstPath = /usr/share/man/man1/;
			dstSubfolderSpec = 0;
			files = (
			);
			runOnlyForDeploymentPostprocessing = 1;
		};
		A8BA2AF015EB9457008389D6 /* CopyFiles */ = {
			isa = PBXCopyFilesBuildPhase;
			buildActionMask = 2147483647;
			dstPath = /usr/share/man/man1/;
			dstSubfolderSpec = 0;
			files = (
				A8BA2AFC15EB9457008389D6 /* processGameassets.1 in CopyFiles */,
			);
			runOnlyForDeploymentPostprocessing = 1;
		};
/* End PBXCopyFilesBuildPhase section */

/* Begin PBXFileReference section */
		A809354415EBC9E4002D3418 /* icon.icns */ = {isa = PBXFileReference; lastKnownFileType = image.icns; path = icon.icns; sourceTree = SOURCE_ROOT; };
		A809354715EC071C002D3418 /* structure.json */ = {isa = PBXFileReference; fileEncoding = 4; lastKnownFileType = text.json; path = structure.json; sourceTree = SOURCE_ROOT; };
		A8BA2A6815E8E388008389D6 /* GameAssetOrganizer.app */ = {isa = PBXFileReference; explicitFileType = wrapper.application; includeInIndex = 0; path = GameAssetOrganizer.app; sourceTree = BUILT_PRODUCTS_DIR; };
		A8BA2A6C15E8E388008389D6 /* Cocoa.framework */ = {isa = PBXFileReference; lastKnownFileType = wrapper.framework; name = Cocoa.framework; path = System/Library/Frameworks/Cocoa.framework; sourceTree = SDKROOT; };
		A8BA2A6F15E8E388008389D6 /* AppKit.framework */ = {isa = PBXFileReference; lastKnownFileType = wrapper.framework; name = AppKit.framework; path = System/Library/Frameworks/AppKit.framework; sourceTree = SDKROOT; };
		A8BA2A7015E8E388008389D6 /* CoreData.framework */ = {isa = PBXFileReference; lastKnownFileType = wrapper.framework; name = CoreData.framework; path = System/Library/Frameworks/CoreData.framework; sourceTree = SDKROOT; };
		A8BA2A7115E8E388008389D6 /* Foundation.framework */ = {isa = PBXFileReference; lastKnownFileType = wrapper.framework; name = Foundation.framework; path = System/Library/Frameworks/Foundation.framework; sourceTree = SDKROOT; };
		A8BA2A7415E8E388008389D6 /* GameAssetOrganizer-Info.plist */ = {isa = PBXFileReference; lastKnownFileType = text.plist.xml; path = "GameAssetOrganizer-Info.plist"; sourceTree = "<group>"; };
		A8BA2A7615E8E388008389D6 /* en */ = {isa = PBXFileReference; lastKnownFileType = text.plist.strings; name = en; path = en.lproj/InfoPlist.strings; sourceTree = "<group>"; };
		A8BA2A7815E8E388008389D6 /* main.m */ = {isa = PBXFileReference; lastKnownFileType = sourcecode.c.objc; path = main.m; sourceTree = "<group>"; };
		A8BA2A7A15E8E388008389D6 /* GameAssetOrganizer-Prefix.pch */ = {isa = PBXFileReference; lastKnownFileType = sourcecode.c.h; path = "GameAssetOrganizer-Prefix.pch"; sourceTree = "<group>"; };
		A8BA2A7C15E8E388008389D6 /* en */ = {isa = PBXFileReference; lastKnownFileType = text.rtf; name = en; path = en.lproj/Credits.rtf; sourceTree = "<group>"; };
		A8BA2A7E15E8E388008389D6 /* APAppDelegate.h */ = {isa = PBXFileReference; lastKnownFileType = sourcecode.c.h; path = APAppDelegate.h; sourceTree = "<group>"; };
		A8BA2A7F15E8E388008389D6 /* APAppDelegate.m */ = {isa = PBXFileReference; lastKnownFileType = sourcecode.c.objc; path = APAppDelegate.m; sourceTree = "<group>"; };
		A8BA2A8215E8E388008389D6 /* en */ = {isa = PBXFileReference; lastKnownFileType = file.xib; name = en; path = en.lproj/MainMenu.xib; sourceTree = "<group>"; };
		A8BA2A8915E8F045008389D6 /* APPackListController.h */ = {isa = PBXFileReference; fileEncoding = 4; lastKnownFileType = sourcecode.c.h; path = APPackListController.h; sourceTree = "<group>"; };
		A8BA2A8A15E8F045008389D6 /* APPackListController.m */ = {isa = PBXFileReference; fileEncoding = 4; lastKnownFileType = sourcecode.c.objc; path = APPackListController.m; sourceTree = "<group>"; };
		A8BA2A8C15E8F055008389D6 /* APPackImagesController.h */ = {isa = PBXFileReference; fileEncoding = 4; lastKnownFileType = sourcecode.c.h; path = APPackImagesController.h; sourceTree = "<group>"; };
		A8BA2A8D15E8F055008389D6 /* APPackImagesController.m */ = {isa = PBXFileReference; fileEncoding = 4; lastKnownFileType = sourcecode.c.objc; path = APPackImagesController.m; sourceTree = "<group>"; };
		A8BA2A8F15E8F067008389D6 /* APFolderImagesController.h */ = {isa = PBXFileReference; fileEncoding = 4; lastKnownFileType = sourcecode.c.h; path = APFolderImagesController.h; sourceTree = "<group>"; };
		A8BA2A9015E8F067008389D6 /* APFolderImagesController.m */ = {isa = PBXFileReference; fileEncoding = 4; lastKnownFileType = sourcecode.c.objc; path = APFolderImagesController.m; sourceTree = "<group>"; };
		A8BA2A9215E8F184008389D6 /* ImageIO.framework */ = {isa = PBXFileReference; lastKnownFileType = wrapper.framework; name = ImageIO.framework; path = System/Library/Frameworks/ImageIO.framework; sourceTree = SDKROOT; };
		A8BA2A9415E8F1A6008389D6 /* Quartz.framework */ = {isa = PBXFileReference; lastKnownFileType = wrapper.framework; name = Quartz.framework; path = System/Library/Frameworks/Quartz.framework; sourceTree = SDKROOT; };
		A8BA2A9615E90CDF008389D6 /* APContentModel.h */ = {isa = PBXFileReference; fileEncoding = 4; lastKnownFileType = sourcecode.c.h; path = APContentModel.h; sourceTree = "<group>"; };
		A8BA2A9715E90CDF008389D6 /* APContentModel.m */ = {isa = PBXFileReference; fileEncoding = 4; lastKnownFileType = sourcecode.c.objc; path = APContentModel.m; sourceTree = "<group>"; };
		A8BA2AB715EB7393008389D6 /* APCollectionViewItemSelectable.h */ = {isa = PBXFileReference; fileEncoding = 4; lastKnownFileType = sourcecode.c.h; name = APCollectionViewItemSelectable.h; path = views/APCollectionViewItemSelectable.h; sourceTree = "<group>"; };
		A8BA2AB815EB7393008389D6 /* APCollectionViewItemSelectable.m */ = {isa = PBXFileReference; fileEncoding = 4; lastKnownFileType = sourcecode.c.objc; name = APCollectionViewItemSelectable.m; path = views/APCollectionViewItemSelectable.m; sourceTree = "<group>"; };
		A8BA2ABA15EB73DB008389D6 /* APCollectionViewItemSelectableView.h */ = {isa = PBXFileReference; fileEncoding = 4; lastKnownFileType = sourcecode.c.h; name = APCollectionViewItemSelectableView.h; path = views/APCollectionViewItemSelectableView.h; sourceTree = "<group>"; };
		A8BA2ABB15EB73DB008389D6 /* APCollectionViewItemSelectableView.m */ = {isa = PBXFileReference; fileEncoding = 4; lastKnownFileType = sourcecode.c.objc; name = APCollectionViewItemSelectableView.m; path = views/APCollectionViewItemSelectableView.m; sourceTree = "<group>"; };
		A8BA2AE015EB7E19008389D6 /* findMaxRects */ = {isa = PBXFileReference; explicitFileType = "compiled.mach-o.executable"; includeInIndex = 0; path = findMaxRects; sourceTree = BUILT_PRODUCTS_DIR; };
		A8BA2AF215EB9457008389D6 /* processGameassets */ = {isa = PBXFileReference; explicitFileType = "compiled.mach-o.executable"; includeInIndex = 0; path = processGameassets; sourceTree = BUILT_PRODUCTS_DIR; };
		A8BA2AF415EB9457008389D6 /* Foundation.framework */ = {isa = PBXFileReference; lastKnownFileType = wrapper.framework; name = Foundation.framework; path = System/Library/Frameworks/Foundation.framework; sourceTree = SDKROOT; };
		A8BA2AF715EB9457008389D6 /* main.m */ = {isa = PBXFileReference; lastKnownFileType = sourcecode.c.objc; path = main.m; sourceTree = "<group>"; };
		A8BA2AFA15EB9457008389D6 /* processGameassets-Prefix.pch */ = {isa = PBXFileReference; lastKnownFileType = sourcecode.c.h; path = "processGameassets-Prefix.pch"; sourceTree = "<group>"; };
		A8BA2AFB15EB9457008389D6 /* processGameassets.1 */ = {isa = PBXFileReference; lastKnownFileType = text.man; path = processGameassets.1; sourceTree = "<group>"; };
/* End PBXFileReference section */

/* Begin PBXFrameworksBuildPhase section */
		A8BA2A6515E8E388008389D6 /* Frameworks */ = {
			isa = PBXFrameworksBuildPhase;
			buildActionMask = 2147483647;
			files = (
				A8BA2A9515E8F1A6008389D6 /* Quartz.framework in Frameworks */,
				A8BA2A9315E8F184008389D6 /* ImageIO.framework in Frameworks */,
				A8BA2A6D15E8E388008389D6 /* Cocoa.framework in Frameworks */,
			);
			runOnlyForDeploymentPostprocessing = 0;
		};
		A8BA2ADD15EB7E19008389D6 /* Frameworks */ = {
			isa = PBXFrameworksBuildPhase;
			buildActionMask = 2147483647;
			files = (
			);
			runOnlyForDeploymentPostprocessing = 0;
		};
		A8BA2AEF15EB9457008389D6 /* Frameworks */ = {
			isa = PBXFrameworksBuildPhase;
			buildActionMask = 2147483647;
			files = (
				A8BA2AF515EB9457008389D6 /* Foundation.framework in Frameworks */,
			);
			runOnlyForDeploymentPostprocessing = 0;
		};
/* End PBXFrameworksBuildPhase section */

/* Begin PBXGroup section */
		A8BA2A5D15E8E388008389D6 = {
			isa = PBXGroup;
			children = (
				A8BA2A9415E8F1A6008389D6 /* Quartz.framework */,
				A8BA2A9215E8F184008389D6 /* ImageIO.framework */,
				A8BA2A7215E8E388008389D6 /* GameAssetOrganizer */,
				A8BA2AF615EB9457008389D6 /* processGameassets */,
				A8BA2A6B15E8E388008389D6 /* Frameworks */,
				A8BA2A6915E8E388008389D6 /* Products */,
			);
			sourceTree = "<group>";
		};
		A8BA2A6915E8E388008389D6 /* Products */ = {
			isa = PBXGroup;
			children = (
				A8BA2A6815E8E388008389D6 /* GameAssetOrganizer.app */,
				A8BA2AE015EB7E19008389D6 /* findMaxRects */,
				A8BA2AF215EB9457008389D6 /* processGameassets */,
			);
			name = Products;
			sourceTree = "<group>";
		};
		A8BA2A6B15E8E388008389D6 /* Frameworks */ = {
			isa = PBXGroup;
			children = (
				A8BA2A6C15E8E388008389D6 /* Cocoa.framework */,
				A8BA2AF415EB9457008389D6 /* Foundation.framework */,
				A8BA2A6E15E8E388008389D6 /* Other Frameworks */,
			);
			name = Frameworks;
			sourceTree = "<group>";
		};
		A8BA2A6E15E8E388008389D6 /* Other Frameworks */ = {
			isa = PBXGroup;
			children = (
				A8BA2A6F15E8E388008389D6 /* AppKit.framework */,
				A8BA2A7015E8E388008389D6 /* CoreData.framework */,
				A8BA2A7115E8E388008389D6 /* Foundation.framework */,
			);
			name = "Other Frameworks";
			sourceTree = "<group>";
		};
		A8BA2A7215E8E388008389D6 /* GameAssetOrganizer */ = {
			isa = PBXGroup;
			children = (
				A8BA2AB615EB731C008389D6 /* Views */,
				A8BA2A7E15E8E388008389D6 /* APAppDelegate.h */,
				A8BA2A7F15E8E388008389D6 /* APAppDelegate.m */,
				A8BA2A8115E8E388008389D6 /* MainMenu.xib */,
				A8BA2A7315E8E388008389D6 /* Supporting Files */,
				A8BA2A8915E8F045008389D6 /* APPackListController.h */,
				A8BA2A8A15E8F045008389D6 /* APPackListController.m */,
				A8BA2A8C15E8F055008389D6 /* APPackImagesController.h */,
				A8BA2A8D15E8F055008389D6 /* APPackImagesController.m */,
				A8BA2A8F15E8F067008389D6 /* APFolderImagesController.h */,
				A8BA2A9015E8F067008389D6 /* APFolderImagesController.m */,
				A8BA2A9615E90CDF008389D6 /* APContentModel.h */,
				A8BA2A9715E90CDF008389D6 /* APContentModel.m */,
			);
			path = GameAssetOrganizer;
			sourceTree = "<group>";
		};
		A8BA2A7315E8E388008389D6 /* Supporting Files */ = {
			isa = PBXGroup;
			children = (
				A809354415EBC9E4002D3418 /* icon.icns */,
				A8BA2A7415E8E388008389D6 /* GameAssetOrganizer-Info.plist */,
				A8BA2A7515E8E388008389D6 /* InfoPlist.strings */,
				A8BA2A7815E8E388008389D6 /* main.m */,
				A8BA2A7A15E8E388008389D6 /* GameAssetOrganizer-Prefix.pch */,
				A8BA2A7B15E8E388008389D6 /* Credits.rtf */,
				A809354715EC071C002D3418 /* structure.json */,
			);
			name = "Supporting Files";
			sourceTree = "<group>";
		};
		A8BA2AB615EB731C008389D6 /* Views */ = {
			isa = PBXGroup;
			children = (
				A8BA2AB715EB7393008389D6 /* APCollectionViewItemSelectable.h */,
				A8BA2AB815EB7393008389D6 /* APCollectionViewItemSelectable.m */,
				A8BA2ABA15EB73DB008389D6 /* APCollectionViewItemSelectableView.h */,
				A8BA2ABB15EB73DB008389D6 /* APCollectionViewItemSelectableView.m */,
			);
			name = Views;
			sourceTree = "<group>";
		};
		A8BA2AF615EB9457008389D6 /* processGameassets */ = {
			isa = PBXGroup;
			children = (
				A8BA2AF715EB9457008389D6 /* main.m */,
				A8BA2AFB15EB9457008389D6 /* processGameassets.1 */,
				A8BA2AF915EB9457008389D6 /* Supporting Files */,
			);
			path = processGameassets;
			sourceTree = "<group>";
		};
		A8BA2AF915EB9457008389D6 /* Supporting Files */ = {
			isa = PBXGroup;
			children = (
				A8BA2AFA15EB9457008389D6 /* processGameassets-Prefix.pch */,
			);
			name = "Supporting Files";
			sourceTree = "<group>";
		};
/* End PBXGroup section */

/* Begin PBXNativeTarget section */
		A8BA2A6715E8E388008389D6 /* GameAssetOrganizer */ = {
			isa = PBXNativeTarget;
			buildConfigurationList = A8BA2A8615E8E388008389D6 /* Build configuration list for PBXNativeTarget "GameAssetOrganizer" */;
			buildPhases = (
				A8BA2A6415E8E388008389D6 /* Sources */,
				A8BA2A6515E8E388008389D6 /* Frameworks */,
				A8BA2A6615E8E388008389D6 /* Resources */,
			);
			buildRules = (
			);
			dependencies = (
			);
			name = GameAssetOrganizer;
			productName = GameAssetOrganizer;
			productReference = A8BA2A6815E8E388008389D6 /* GameAssetOrganizer.app */;
			productType = "com.apple.product-type.application";
		};
		A8BA2ADF15EB7E19008389D6 /* findMaxRects */ = {
			isa = PBXNativeTarget;
			buildConfigurationList = A8BA2AE715EB7E1A008389D6 /* Build configuration list for PBXNativeTarget "findMaxRects" */;
			buildPhases = (
				A8BA2ADC15EB7E19008389D6 /* Sources */,
				A8BA2ADD15EB7E19008389D6 /* Frameworks */,
				A8BA2ADE15EB7E19008389D6 /* CopyFiles */,
			);
			buildRules = (
			);
			dependencies = (
			);
			name = findMaxRects;
			productName = findMaxRects;
			productReference = A8BA2AE015EB7E19008389D6 /* findMaxRects */;
			productType = "com.apple.product-type.tool";
		};
		A8BA2AF115EB9457008389D6 /* processGameassets */ = {
			isa = PBXNativeTarget;
			buildConfigurationList = A8BA2AFD15EB9457008389D6 /* Build configuration list for PBXNativeTarget "processGameassets" */;
			buildPhases = (
				A8BA2AEE15EB9457008389D6 /* Sources */,
				A8BA2AEF15EB9457008389D6 /* Frameworks */,
				A8BA2AF015EB9457008389D6 /* CopyFiles */,
			);
			buildRules = (
			);
			dependencies = (
			);
			name = processGameassets;
			productName = processGameassets;
			productReference = A8BA2AF215EB9457008389D6 /* processGameassets */;
			productType = "com.apple.product-type.tool";
		};
/* End PBXNativeTarget section */

/* Begin PBXProject section */
		A8BA2A5F15E8E388008389D6 /* Project object */ = {
			isa = PBXProject;
			attributes = {
				CLASSPREFIX = AP;
				LastUpgradeCheck = 0440;
				ORGANIZATIONNAME = BTerhechte;
			};
			buildConfigurationList = A8BA2A6215E8E388008389D6 /* Build configuration list for PBXProject "GameAssetOrganizer" */;
			compatibilityVersion = "Xcode 3.2";
			developmentRegion = English;
			hasScannedForEncodings = 0;
			knownRegions = (
				en,
			);
			mainGroup = A8BA2A5D15E8E388008389D6;
			productRefGroup = A8BA2A6915E8E388008389D6 /* Products */;
			projectDirPath = "";
			projectRoot = "";
			targets = (
				A8BA2A6715E8E388008389D6 /* GameAssetOrganizer */,
				A8BA2ADF15EB7E19008389D6 /* findMaxRects */,
				A8BA2AF115EB9457008389D6 /* processGameassets */,
			);
		};
/* End PBXProject section */

/* Begin PBXResourcesBuildPhase section */
		A8BA2A6615E8E388008389D6 /* Resources */ = {
			isa = PBXResourcesBuildPhase;
			buildActionMask = 2147483647;
			files = (
				A8BA2A7715E8E388008389D6 /* InfoPlist.strings in Resources */,
				A8BA2A7D15E8E388008389D6 /* Credits.rtf in Resources */,
				A8BA2A8315E8E388008389D6 /* MainMenu.xib in Resources */,
				A809354515EBC9E4002D3418 /* icon.icns in Resources */,
				A809354815EC071C002D3418 /* structure.json in Resources */,
			);
			runOnlyForDeploymentPostprocessing = 0;
		};
/* End PBXResourcesBuildPhase section */

/* Begin PBXSourcesBuildPhase section */
		A8BA2A6415E8E388008389D6 /* Sources */ = {
			isa = PBXSourcesBuildPhase;
			buildActionMask = 2147483647;
			files = (
				A8BA2A7915E8E388008389D6 /* main.m in Sources */,
				A8BA2A8015E8E388008389D6 /* APAppDelegate.m in Sources */,
				A8BA2A8B15E8F045008389D6 /* APPackListController.m in Sources */,
				A8BA2A8E15E8F055008389D6 /* APPackImagesController.m in Sources */,
				A8BA2A9115E8F067008389D6 /* APFolderImagesController.m in Sources */,
				A8BA2A9815E90CDF008389D6 /* APContentModel.m in Sources */,
				A8BA2AB915EB7393008389D6 /* APCollectionViewItemSelectable.m in Sources */,
				A8BA2ABC15EB73DB008389D6 /* APCollectionViewItemSelectableView.m in Sources */,
			);
			runOnlyForDeploymentPostprocessing = 0;
		};
		A8BA2ADC15EB7E19008389D6 /* Sources */ = {
			isa = PBXSourcesBuildPhase;
			buildActionMask = 2147483647;
			files = (
			);
			runOnlyForDeploymentPostprocessing = 0;
		};
		A8BA2AEE15EB9457008389D6 /* Sources */ = {
			isa = PBXSourcesBuildPhase;
			buildActionMask = 2147483647;
			files = (
				A8BA2AF815EB9457008389D6 /* main.m in Sources */,
				A8BA2B0015EB9462008389D6 /* APContentModel.m in Sources */,
			);
			runOnlyForDeploymentPostprocessing = 0;
		};
/* End PBXSourcesBuildPhase section */

/* Begin PBXVariantGroup section */
		A8BA2A7515E8E388008389D6 /* InfoPlist.strings */ = {
			isa = PBXVariantGroup;
			children = (
				A8BA2A7615E8E388008389D6 /* en */,
			);
			name = InfoPlist.strings;
			sourceTree = "<group>";
		};
		A8BA2A7B15E8E388008389D6 /* Credits.rtf */ = {
			isa = PBXVariantGroup;
			children = (
				A8BA2A7C15E8E388008389D6 /* en */,
			);
			name = Credits.rtf;
			sourceTree = "<group>";
		};
		A8BA2A8115E8E388008389D6 /* MainMenu.xib */ = {
			isa = PBXVariantGroup;
			children = (
				A8BA2A8215E8E388008389D6 /* en */,
			);
			name = MainMenu.xib;
			sourceTree = "<group>";
		};
/* End PBXVariantGroup section */

/* Begin XCBuildConfiguration section */
		A8BA2A8415E8E388008389D6 /* Debug */ = {
			isa = XCBuildConfiguration;
			buildSettings = {
				ALWAYS_SEARCH_USER_PATHS = NO;
				ARCHS = "$(ARCHS_STANDARD_64_BIT)";
				CLANG_CXX_LANGUAGE_STANDARD = "gnu++0x";
				CLANG_ENABLE_OBJC_ARC = YES;
				CLANG_WARN__DUPLICATE_METHOD_MATCH = YES;
				COPY_PHASE_STRIP = NO;
				GCC_C_LANGUAGE_STANDARD = gnu99;
				GCC_DYNAMIC_NO_PIC = NO;
				GCC_ENABLE_OBJC_EXCEPTIONS = YES;
				GCC_OPTIMIZATION_LEVEL = 0;
				GCC_PREPROCESSOR_DEFINITIONS = (
					"DEBUG=1",
					"$(inherited)",
				);
				GCC_SYMBOLS_PRIVATE_EXTERN = NO;
				GCC_WARN_64_TO_32_BIT_CONVERSION = YES;
				GCC_WARN_ABOUT_RETURN_TYPE = YES;
				GCC_WARN_UNINITIALIZED_AUTOS = YES;
				GCC_WARN_UNUSED_VARIABLE = YES;
				MACOSX_DEPLOYMENT_TARGET = 10.7;
				ONLY_ACTIVE_ARCH = YES;
				SDKROOT = macosx;
			};
			name = Debug;
		};
		A8BA2A8515E8E388008389D6 /* Release */ = {
			isa = XCBuildConfiguration;
			buildSettings = {
				ALWAYS_SEARCH_USER_PATHS = NO;
				ARCHS = "$(ARCHS_STANDARD_64_BIT)";
				CLANG_CXX_LANGUAGE_STANDARD = "gnu++0x";
				CLANG_ENABLE_OBJC_ARC = YES;
				CLANG_WARN__DUPLICATE_METHOD_MATCH = YES;
				COPY_PHASE_STRIP = YES;
				DEBUG_INFORMATION_FORMAT = "dwarf-with-dsym";
				GCC_C_LANGUAGE_STANDARD = gnu99;
				GCC_ENABLE_OBJC_EXCEPTIONS = YES;
				GCC_WARN_64_TO_32_BIT_CONVERSION = YES;
				GCC_WARN_ABOUT_RETURN_TYPE = YES;
				GCC_WARN_UNINITIALIZED_AUTOS = YES;
				GCC_WARN_UNUSED_VARIABLE = YES;
				MACOSX_DEPLOYMENT_TARGET = 10.7;
				SDKROOT = macosx;
			};
			name = Release;
		};
		A8BA2A8715E8E388008389D6 /* Debug */ = {
			isa = XCBuildConfiguration;
			buildSettings = {
				CLANG_ENABLE_OBJC_ARC = YES;
				COMBINE_HIDPI_IMAGES = YES;
				GCC_PRECOMPILE_PREFIX_HEADER = YES;
				GCC_PREFIX_HEADER = "GameAssetOrganizer/GameAssetOrganizer-Prefix.pch";
				HEADER_SEARCH_PATHS = "";
				INFOPLIST_FILE = "GameAssetOrganizer/GameAssetOrganizer-Info.plist";
				PRODUCT_NAME = "$(TARGET_NAME)";
				WRAPPER_EXTENSION = app;
			};
			name = Debug;
		};
		A8BA2A8815E8E388008389D6 /* Release */ = {
			isa = XCBuildConfiguration;
			buildSettings = {
				CLANG_ENABLE_OBJC_ARC = YES;
				COMBINE_HIDPI_IMAGES = YES;
				GCC_PRECOMPILE_PREFIX_HEADER = YES;
				GCC_PREFIX_HEADER = "GameAssetOrganizer/GameAssetOrganizer-Prefix.pch";
				HEADER_SEARCH_PATHS = "";
				INFOPLIST_FILE = "GameAssetOrganizer/GameAssetOrganizer-Info.plist";
				PRODUCT_NAME = "$(TARGET_NAME)";
				WRAPPER_EXTENSION = app;
			};
			name = Release;
		};
		A8BA2AE815EB7E1A008389D6 /* Debug */ = {
			isa = XCBuildConfiguration;
			buildSettings = {
				PRODUCT_NAME = "$(TARGET_NAME)";
			};
			name = Debug;
		};
		A8BA2AE915EB7E1A008389D6 /* Release */ = {
			isa = XCBuildConfiguration;
			buildSettings = {
				PRODUCT_NAME = "$(TARGET_NAME)";
			};
			name = Release;
		};
		A8BA2AFE15EB9457008389D6 /* Debug */ = {
			isa = XCBuildConfiguration;
			buildSettings = {
				GCC_PRECOMPILE_PREFIX_HEADER = YES;
				GCC_PREFIX_HEADER = "processGameassets/processGameassets-Prefix.pch";
				GCC_PREPROCESSOR_DEFINITIONS = (
					"DEBUG=1",
					"$(inherited)",
					"CONSOLE=1",
				);
				PRODUCT_NAME = "$(TARGET_NAME)";
			};
			name = Debug;
		};
		A8BA2AFF15EB9457008389D6 /* Release */ = {
			isa = XCBuildConfiguration;
			buildSettings = {
				GCC_PRECOMPILE_PREFIX_HEADER = YES;
				GCC_PREFIX_HEADER = "processGameassets/processGameassets-Prefix.pch";
				GCC_PREPROCESSOR_DEFINITIONS = "CONSOLE=1";
				PRODUCT_NAME = "$(TARGET_NAME)";
			};
			name = Release;
		};
/* End XCBuildConfiguration section */

/* Begin XCConfigurationList section */
		A8BA2A6215E8E388008389D6 /* Build configuration list for PBXProject "GameAssetOrganizer" */ = {
			isa = XCConfigurationList;
			buildConfigurations = (
				A8BA2A8415E8E388008389D6 /* Debug */,
				A8BA2A8515E8E388008389D6 /* Release */,
			);
			defaultConfigurationIsVisible = 0;
			defaultConfigurationName = Release;
		};
		A8BA2A8615E8E388008389D6 /* Build configuration list for PBXNativeTarget "GameAssetOrganizer" */ = {
			isa = XCConfigurationList;
			buildConfigurations = (
				A8BA2A8715E8E388008389D6 /* Debug */,
				A8BA2A8815E8E388008389D6 /* Release */,
			);
			defaultConfigurationIsVisible = 0;
			defaultConfigurationName = Release;
		};
		A8BA2AE715EB7E1A008389D6 /* Build configuration list for PBXNativeTarget "findMaxRects" */ = {
			isa = XCConfigurationList;
			buildConfigurations = (
				A8BA2AE815EB7E1A008389D6 /* Debug */,
				A8BA2AE915EB7E1A008389D6 /* Release */,
			);
			defaultConfigurationIsVisible = 0;
			defaultConfigurationName = Release;
		};
		A8BA2AFD15EB9457008389D6 /* Build configuration list for PBXNativeTarget "processGameassets" */ = {
			isa = XCConfigurationList;
			buildConfigurations = (
				A8BA2AFE15EB9457008389D6 /* Debug */,
				A8BA2AFF15EB9457008389D6 /* Release */,
			);
			defaultConfigurationIsVisible = 0;
			defaultConfigurationName = Release;
		};
/* End XCConfigurationList section */
	};
	rootObject = A8BA2A5F15E8E388008389D6 /* Project object */;
}
